# This file is autogenerated, do not edit; changes may be undone by the next 'dep ensure'.


[[projects]]
  branch = "master"
  name = "github.com/benjaminch/openrtb-pricers"
  packages = ["doubleclick","helpers","tests_helpers"]
  revision = "04285bb46746ec2a161e47a85f9b7988fd16916f"

[[projects]]
  branch = "master"
  name = "github.com/golang/glog"
  packages = ["."]
  revision = "23def4e6c14b4da8ac2ed8007337bc5eb5007998"

[solve-meta]
  analyzer-name = "dep"
  analyzer-version = 1
  inputs-digest = "757fbcf53a6a59962e4bf5631d4385437df7c6c9718487aa2139475650e5e025"
  solver-name = "gps-cdcl"
  solver-version = 1
